<?xml version="1.0" encoding="utf-8"?>
<Project ToolsVersion="4.0" xmlns="http://schemas.microsoft.com/developer/msbuild/2003">
  <ItemGroup>
    <Filter Include="리소스 파일">
      <UniqueIdentifier>{67DA6AB6-F800-4c08-8B7A-83BB121AAD01}</UniqueIdentifier>
      <Extensions>rc;ico;cur;bmp;dlg;rc2;rct;bin;rgs;gif;jpg;jpeg;jpe;resx;tiff;tif;png;wav;mfcribbon-ms</Extensions>
    </Filter>
    <Filter Include="소스 파일">
      <UniqueIdentifier>{4FC737F1-C7A5-4376-A066-2A32D752A2FF}</UniqueIdentifier>
      <Extensions>cpp;c;cc;cxx;def;odl;idl;hpj;bat;asm;asmx</Extensions>
    </Filter>
    <Filter Include="헤더 파일">
      <UniqueIdentifier>{93995380-89BD-4b04-88EB-625FBE52EBFB}</UniqueIdentifier>
      <Extensions>h;hh;hpp;hxx;hm;inl;inc;xsd</Extensions>
    </Filter>
    <Filter Include="machine">
      <UniqueIdentifier>{41ed042c-fcee-4ce9-bfaa-b77fddead080}</UniqueIdentifier>
    </Filter>
    <Filter Include="packet">
      <UniqueIdentifier>{8a2cada1-9b9e-4850-a16c-23d35fd46b03}</UniqueIdentifier>
    </Filter>
    <Filter Include="def">
      <UniqueIdentifier>{0591e497-03a8-4796-aa64-c3baea5814a9}</UniqueIdentifier>
    </Filter>
  </ItemGroup>
  <ItemGroup>
    <Text Include="ReadMe.txt" />
  </ItemGroup>
  <ItemGroup>
    <ClInclude Include="stdafx.h">
      <Filter>헤더 파일</Filter>
    </ClInclude>
    <ClInclude Include="targetver.h">
      <Filter>헤더 파일</Filter>
    </ClInclude>
    <ClInclude Include="user_session.h">
      <Filter>헤더 파일</Filter>
    </ClInclude>
    <ClInclude Include="server.h">
      <Filter>헤더 파일</Filter>
    </ClInclude>
    <ClInclude Include="room_provider.h">
      <Filter>헤더 파일</Filter>
    </ClInclude>
    <ClInclude Include="room.h">
      <Filter>헤더 파일</Filter>
    </ClInclude>
    <ClInclude Include="util_makeindex.h">
      <Filter>헤더 파일</Filter>
    </ClInclude>
    <ClInclude Include="user_session_manager.h">
      <Filter>헤더 파일</Filter>
    </ClInclude>
    <ClInclude Include="udpserver.h">
      <Filter>헤더 파일</Filter>
    </ClInclude>
    <ClInclude Include="multi_index.h">
      <Filter>헤더 파일</Filter>
    </ClInclude>
    <ClInclude Include="dumbmob_machine.h">
      <Filter>machine</Filter>
    </ClInclude>
    <ClInclude Include="gameuser_machine.h">
      <Filter>machine</Filter>
    </ClInclude>
    <ClInclude Include="staticobject_machine.h">
      <Filter>machine</Filter>
    </ClInclude>
    <ClInclude Include="potal_machine.h">
      <Filter>machine</Filter>
    </ClInclude>
    <ClInclude Include="event.h">
      <Filter>def</Filter>
    </ClInclude>
    <ClInclude Include="packet_data.h">
      <Filter>packet</Filter>
    </ClInclude>
    <ClInclude Include="packet_decoder.h">
      <Filter>packet</Filter>
    </ClInclude>
    <ClInclude Include="packet_encoder.h">
      <Filter>packet</Filter>
    </ClInclude>
    <ClInclude Include="interface.h">
      <Filter>def</Filter>
    </ClInclude>
    <ClInclude Include="def.h">
      <Filter>def</Filter>
    </ClInclude>
    <ClInclude Include="body.pb.h">
      <Filter>packet</Filter>
    </ClInclude>
    <ClInclude Include="Raycast.h">
      <Filter>def</Filter>
    </ClInclude>
  </ItemGroup>
  <ItemGroup>
    <ClCompile Include="stdafx.cpp">
      <Filter>소스 파일</Filter>
    </ClCompile>
    <ClCompile Include="main.cpp">
      <Filter>소스 파일</Filter>
    </ClCompile>
    <ClCompile Include="user_session.cpp">
      <Filter>소스 파일</Filter>
    </ClCompile>
    <ClCompile Include="server.cpp">
      <Filter>소스 파일</Filter>
    </ClCompile>
    <ClCompile Include="room_provider.cpp">
      <Filter>소스 파일</Filter>
    </ClCompile>
    <ClCompile Include="room.cpp">
      <Filter>소스 파일</Filter>
    </ClCompile>
    <ClCompile Include="util_makeindex.cpp">
      <Filter>소스 파일</Filter>
    </ClCompile>
    <ClCompile Include="user_session_manager.cpp">
      <Filter>소스 파일</Filter>
    </ClCompile>
    <ClCompile Include="udpserver.cpp">
      <Filter>소스 파일</Filter>
    </ClCompile>
    <ClCompile Include="multi_index.cpp">
      <Filter>소스 파일</Filter>
    </ClCompile>
    <ClCompile Include="interface.cpp">
      <Filter>소스 파일</Filter>
    </ClCompile>
    <ClCompile Include="dumbmob_machine.cpp">
      <Filter>machine</Filter>
    </ClCompile>
    <ClCompile Include="gameuser_machine.cpp">
      <Filter>machine</Filter>
    </ClCompile>
    <ClCompile Include="staticobject_machine.cpp">
      <Filter>machine</Filter>
    </ClCompile>
    <ClCompile Include="potal_machine.cpp">
      <Filter>machine</Filter>
    </ClCompile>
    <ClCompile Include="packet_data.cpp">
      <Filter>packet</Filter>
    </ClCompile>
    <ClCompile Include="packet_decoder.cpp">
      <Filter>packet</Filter>
    </ClCompile>
    <ClCompile Include="packet_encoder.cpp">
      <Filter>packet</Filter>
    </ClCompile>
    <ClCompile Include="body.pb.cc">
      <Filter>packet</Filter>
    </ClCompile>
  </ItemGroup>
  <ItemGroup>
    <None Include="packages.config" />
    <None Include="ClassDiagram.cd" />
  </ItemGroup>
</Project>